
Microsoft Visual Studio Solution File, Format Version 12.00
# Visual Studio Version 17
VisualStudioVersion = 17.7.34003.232
MinimumVisualStudioVersion = 10.0.40219.1
Project("{FAE04EC0-301F-11D3-BF4B-00C04F79EFBC}") = "HMS", "HMS.csproj", "{FC09B2AE-FBE3-4FAE-8250-932168BB83E9}"
EndProject
Global
	GlobalSection(SolutionConfigurationPlatforms) = preSolution
		Debug|Any CPU = Debug|Any CPU
		Release|Any CPU = Release|Any CPU
	EndGlobalSection
	GlobalSection(ProjectConfigurationPlatforms) = postSolution
		{FC09B2AE-FBE3-4FAE-8250-932168BB83E9}.Debug|Any CPU.ActiveCfg = Debug|Any CPU
		{FC09B2AE-FBE3-4FAE-8250-932168BB83E9}.Debug|Any CPU.Build.0 = Debug|Any CPU
		{FC09B2AE-FBE3-4FAE-8250-932168BB83E9}.Release|Any CPU.ActiveCfg = Release|Any CPU
		{FC09B2AE-FBE3-4FAE-8250-932168BB83E9}.Release|Any CPU.Build.0 = Release|Any CPU
	EndGlobalSection
	GlobalSection(SolutionProperties) = preSolution
		HideSolutionNode = FALSE
	EndGlobalSection
	GlobalSection(ExtensibilityGlobals) = postSolution
		SolutionGuid = {F5CE76C6-C0D6-4ADD-A9E8-10B88E9B47D9}
	EndGlobalSection
EndGlobal
